
Microsoft Visual Studio Solution File, Format Version 12.00
# Visual Studio Version 17
VisualStudioVersion = 17.5.33502.453
MinimumVisualStudioVersion = 10.0.40219.1
Project("{FAE04EC0-301F-11D3-BF4B-00C04F79EFBC}") = "HotDeal", "HotDeal\HotDeal.csproj", "{380F5C0E-97B1-4283-916C-B12995B9734F}"
EndProject
Project("{FAE04EC0-301F-11D3-BF4B-00C04F79EFBC}") = "HotDeal.Resources", "HotDeal.Resources\HotDeal.Resources.csproj", "{93C3AFD9-1421-44C3-AF08-2D42315A7138}"
EndProject
Global
	GlobalSection(SolutionConfigurationPlatforms) = preSolution
		Debug|Any CPU = Debug|Any CPU
		Release|Any CPU = Release|Any CPU
	EndGlobalSection
	GlobalSection(ProjectConfigurationPlatforms) = postSolution
		{380F5C0E-97B1-4283-916C-B12995B9734F}.Debug|Any CPU.ActiveCfg = Debug|Any CPU
		{380F5C0E-97B1-4283-916C-B12995B9734F}.Debug|Any CPU.Build.0 = Debug|Any CPU
		{380F5C0E-97B1-4283-916C-B12995B9734F}.Release|Any CPU.ActiveCfg = Release|Any CPU
		{380F5C0E-97B1-4283-916C-B12995B9734F}.Release|Any CPU.Build.0 = Release|Any CPU
		{93C3AFD9-1421-44C3-AF08-2D42315A7138}.Debug|Any CPU.ActiveCfg = Debug|Any CPU
		{93C3AFD9-1421-44C3-AF08-2D42315A7138}.Debug|Any CPU.Build.0 = Debug|Any CPU
		{93C3AFD9-1421-44C3-AF08-2D42315A7138}.Release|Any CPU.ActiveCfg = Release|Any CPU
		{93C3AFD9-1421-44C3-AF08-2D42315A7138}.Release|Any CPU.Build.0 = Release|Any CPU
	EndGlobalSection
	GlobalSection(SolutionProperties) = preSolution
		HideSolutionNode = FALSE
	EndGlobalSection
	GlobalSection(ExtensibilityGlobals) = postSolution
		SolutionGuid = {5AF8F59F-7CF3-4F90-9B8F-4A2C66E6AEE2}
	EndGlobalSection
EndGlobal
